Microsoft Visual Studio Solution File, Format Version 9.00
# Visual Studio 2005
Project("{8BC9CEB8-8B4A-11D0-8D11-00A0C91BC942}") = "QuestDesigner", "QuestDesigner\QuestDesigner.vcproj", "{58BF68BD-1AEC-4CF7-9696-B0C4E69881A0}"
	ProjectSection(ProjectDependencies) = postProject
		{1B00B5FB-F7B9-4183-82BD-692262A0D0D9} = {1B00B5FB-F7B9-4183-82BD-692262A0D0D9}
	EndProjectSection
EndProject
Project("{8BC9CEB8-8B4A-11D0-8D11-00A0C91BC942}") = "GraphicsD3D8", "GraphicsD3D8\GraphicsD3D8.vcproj", "{745AEAC2-1BB2-4601-BCB5-23FC2F84A2A5}"
EndProject
Project("{8BC9CEB8-8B4A-11D0-8D11-00A0C91BC942}") = "Kernel", "Kernel\Kernel.vcproj", "{1B00B5FB-F7B9-4183-82BD-692262A0D0D9}"
EndProject
Project("{8BC9CEB8-8B4A-11D0-8D11-00A0C91BC942}") = "OpenLegends", "OpenLegends\OpenLegends.vcproj", "{0280F8EB-BB1B-488C-BFF5-4C494926F77C}"
	ProjectSection(ProjectDependencies) = postProject
		{1B00B5FB-F7B9-4183-82BD-692262A0D0D9} = {1B00B5FB-F7B9-4183-82BD-692262A0D0D9}
	EndProjectSection
EndProject
Project("{8BC9CEB8-8B4A-11D0-8D11-00A0C91BC942}") = "GraphicsD3D9", "GraphicsD3D9\GraphicsD3D9.vcproj", "{8606DEA8-2B95-46FA-BC48-18D6A1DE0165}"
EndProject
Project("{2150E333-8FDC-42A3-9474-1A3956D46DE8}") = "Solution Items", "Solution Items", "{F6D1AF5C-685D-41AE-AF73-D33B85BA17E2}"
	ProjectSection(SolutionItems) = preProject
		TODO.txt = TODO.txt
	EndProjectSection
EndProject
Global
	GlobalSection(SolutionConfigurationPlatforms) = preSolution
		Debug|Win32 = Debug|Win32
		Release|Win32 = Release|Win32
		ReleaseDeb|Win32 = ReleaseDeb|Win32
	EndGlobalSection
	GlobalSection(ProjectConfigurationPlatforms) = postSolution
		{58BF68BD-1AEC-4CF7-9696-B0C4E69881A0}.Debug|Win32.ActiveCfg = Debug|Win32
		{58BF68BD-1AEC-4CF7-9696-B0C4E69881A0}.Debug|Win32.Build.0 = Debug|Win32
		{58BF68BD-1AEC-4CF7-9696-B0C4E69881A0}.Release|Win32.ActiveCfg = Release|Win32
		{58BF68BD-1AEC-4CF7-9696-B0C4E69881A0}.Release|Win32.Build.0 = Release|Win32
		{58BF68BD-1AEC-4CF7-9696-B0C4E69881A0}.ReleaseDeb|Win32.ActiveCfg = ReleaseDeb|Win32
		{58BF68BD-1AEC-4CF7-9696-B0C4E69881A0}.ReleaseDeb|Win32.Build.0 = ReleaseDeb|Win32
		{745AEAC2-1BB2-4601-BCB5-23FC2F84A2A5}.Debug|Win32.ActiveCfg = Debug|Win32
		{745AEAC2-1BB2-4601-BCB5-23FC2F84A2A5}.Debug|Win32.Build.0 = Debug|Win32
		{745AEAC2-1BB2-4601-BCB5-23FC2F84A2A5}.Release|Win32.ActiveCfg = Release|Win32
		{745AEAC2-1BB2-4601-BCB5-23FC2F84A2A5}.Release|Win32.Build.0 = Release|Win32
		{745AEAC2-1BB2-4601-BCB5-23FC2F84A2A5}.ReleaseDeb|Win32.ActiveCfg = ReleaseDeb|Win32
		{745AEAC2-1BB2-4601-BCB5-23FC2F84A2A5}.ReleaseDeb|Win32.Build.0 = ReleaseDeb|Win32
		{1B00B5FB-F7B9-4183-82BD-692262A0D0D9}.Debug|Win32.ActiveCfg = Debug|Win32
		{1B00B5FB-F7B9-4183-82BD-692262A0D0D9}.Debug|Win32.Build.0 = Debug|Win32
		{1B00B5FB-F7B9-4183-82BD-692262A0D0D9}.Release|Win32.ActiveCfg = Release|Win32
		{1B00B5FB-F7B9-4183-82BD-692262A0D0D9}.Release|Win32.Build.0 = Release|Win32
		{1B00B5FB-F7B9-4183-82BD-692262A0D0D9}.ReleaseDeb|Win32.ActiveCfg = ReleaseDeb|Win32
		{1B00B5FB-F7B9-4183-82BD-692262A0D0D9}.ReleaseDeb|Win32.Build.0 = ReleaseDeb|Win32
		{0280F8EB-BB1B-488C-BFF5-4C494926F77C}.Debug|Win32.ActiveCfg = Debug|Win32
		{0280F8EB-BB1B-488C-BFF5-4C494926F77C}.Debug|Win32.Build.0 = Debug|Win32
		{0280F8EB-BB1B-488C-BFF5-4C494926F77C}.Release|Win32.ActiveCfg = Release|Win32
		{0280F8EB-BB1B-488C-BFF5-4C494926F77C}.Release|Win32.Build.0 = Release|Win32
		{0280F8EB-BB1B-488C-BFF5-4C494926F77C}.ReleaseDeb|Win32.ActiveCfg = ReleaseDeb|Win32
		{0280F8EB-BB1B-488C-BFF5-4C494926F77C}.ReleaseDeb|Win32.Build.0 = ReleaseDeb|Win32
		{8606DEA8-2B95-46FA-BC48-18D6A1DE0165}.Debug|Win32.ActiveCfg = Debug|Win32
		{8606DEA8-2B95-46FA-BC48-18D6A1DE0165}.Debug|Win32.Build.0 = Debug|Win32
		{8606DEA8-2B95-46FA-BC48-18D6A1DE0165}.Release|Win32.ActiveCfg = Release|Win32
		{8606DEA8-2B95-46FA-BC48-18D6A1DE0165}.Release|Win32.Build.0 = Release|Win32
		{8606DEA8-2B95-46FA-BC48-18D6A1DE0165}.ReleaseDeb|Win32.ActiveCfg = ReleaseDeb|Win32
		{8606DEA8-2B95-46FA-BC48-18D6A1DE0165}.ReleaseDeb|Win32.Build.0 = ReleaseDeb|Win32
	EndGlobalSection
	GlobalSection(SolutionProperties) = preSolution
		HideSolutionNode = FALSE
	EndGlobalSection
	GlobalSection(DPCodeReviewSolutionGUID) = preSolution
		DPCodeReviewSolutionGUID = {00000000-0000-0000-0000-000000000000}
	EndGlobalSection
EndGlobal
